
Microsoft Visual Studio Solution File, Format Version 12.00
# Visual Studio 2013
VisualStudioVersion = 12.0.21005.1
MinimumVisualStudioVersion = 10.0.40219.1
Project("{FAE04EC0-301F-11D3-BF4B-00C04F79EFBC}") = "DomainModel", "DomainModel\DomainModel.csproj", "{4ADAE74F-767D-41F2-A478-1B1F4E691FB1}"
EndProject
Project("{FAE04EC0-301F-11D3-BF4B-00C04F79EFBC}") = "EindopdrachtProg6", "EindopdrachtProg6\EindopdrachtProg6.csproj", "{7E166007-B2CC-4DB0-848D-2C42596A1F48}"
EndProject
Project("{FAE04EC0-301F-11D3-BF4B-00C04F79EFBC}") = "EindopdrachtProg6.Tests", "EindopdrachtProg6.Tests\EindopdrachtProg6.Tests.csproj", "{90583F72-0702-47EC-A3D1-C0AFC29FCDB2}"
EndProject
Global
	GlobalSection(SolutionConfigurationPlatforms) = preSolution
		Debug|Any CPU = Debug|Any CPU
		Release|Any CPU = Release|Any CPU
	EndGlobalSection
	GlobalSection(ProjectConfigurationPlatforms) = postSolution
		{4ADAE74F-767D-41F2-A478-1B1F4E691FB1}.Debug|Any CPU.ActiveCfg = Debug|Any CPU
		{4ADAE74F-767D-41F2-A478-1B1F4E691FB1}.Debug|Any CPU.Build.0 = Debug|Any CPU
		{4ADAE74F-767D-41F2-A478-1B1F4E691FB1}.Release|Any CPU.ActiveCfg = Release|Any CPU
		{4ADAE74F-767D-41F2-A478-1B1F4E691FB1}.Release|Any CPU.Build.0 = Release|Any CPU
		{7E166007-B2CC-4DB0-848D-2C42596A1F48}.Debug|Any CPU.ActiveCfg = Debug|Any CPU
		{7E166007-B2CC-4DB0-848D-2C42596A1F48}.Debug|Any CPU.Build.0 = Debug|Any CPU
		{7E166007-B2CC-4DB0-848D-2C42596A1F48}.Release|Any CPU.ActiveCfg = Release|Any CPU
		{7E166007-B2CC-4DB0-848D-2C42596A1F48}.Release|Any CPU.Build.0 = Release|Any CPU
		{90583F72-0702-47EC-A3D1-C0AFC29FCDB2}.Debug|Any CPU.ActiveCfg = Debug|Any CPU
		{90583F72-0702-47EC-A3D1-C0AFC29FCDB2}.Debug|Any CPU.Build.0 = Debug|Any CPU
		{90583F72-0702-47EC-A3D1-C0AFC29FCDB2}.Release|Any CPU.ActiveCfg = Release|Any CPU
		{90583F72-0702-47EC-A3D1-C0AFC29FCDB2}.Release|Any CPU.Build.0 = Release|Any CPU
	EndGlobalSection
	GlobalSection(SolutionProperties) = preSolution
		HideSolutionNode = FALSE
	EndGlobalSection
EndGlobal
